
Microsoft Visual Studio Solution File, Format Version 12.00
# Visual Studio 15
VisualStudioVersion = 15.0.28010.2041
MinimumVisualStudioVersion = 10.0.40219.1
Project("{FAE04EC0-301F-11D3-BF4B-00C04F79EFBC}") = "Dictionary", "Dictionary\Dictionary.csproj", "{A62E8746-593A-4735-88F9-523E55243847}"
EndProject
Global
	GlobalSection(SolutionConfigurationPlatforms) = preSolution
		Debug|Any CPU = Debug|Any CPU
		Release|Any CPU = Release|Any CPU
	EndGlobalSection
	GlobalSection(ProjectConfigurationPlatforms) = postSolution
		{A62E8746-593A-4735-88F9-523E55243847}.Debug|Any CPU.ActiveCfg = Debug|Any CPU
		{A62E8746-593A-4735-88F9-523E55243847}.Debug|Any CPU.Build.0 = Debug|Any CPU
		{A62E8746-593A-4735-88F9-523E55243847}.Release|Any CPU.ActiveCfg = Release|Any CPU
		{A62E8746-593A-4735-88F9-523E55243847}.Release|Any CPU.Build.0 = Release|Any CPU
	EndGlobalSection
	GlobalSection(SolutionProperties) = preSolution
		HideSolutionNode = FALSE
	EndGlobalSection
	GlobalSection(ExtensibilityGlobals) = postSolution
		SolutionGuid = {1016EE42-CCC3-43AF-B36F-335EC993B47E}
	EndGlobalSection
EndGlobal
